
Microsoft Visual Studio Solution File, Format Version 11.00
# Visual Studio 2010
Project("{FAE04EC0-301F-11D3-BF4B-00C04F79EFBC}") = "September22.Web", "September22.Web\September22.Web.csproj", "{AFA05A2C-E38A-471A-A71D-FD9D738D0250}"
EndProject
Project("{2150E333-8FDC-42A3-9474-1A3956D46DE8}") = "Library", "Library", "{4AA53EC5-9D87-470D-AC25-5700368C1D78}"
	ProjectSection(SolutionItems) = preProject
		Library\AjaxControlToolkit.dll = Library\AjaxControlToolkit.dll
	EndProjectSection
EndProject
Project("{FAE04EC0-301F-11D3-BF4B-00C04F79EFBC}") = "DoodleApp", "DoodleApp\DoodleApp.csproj", "{3B770A16-000E-4C37-B0E9-E0DC07CA86CB}"
EndProject
Global
	GlobalSection(SolutionConfigurationPlatforms) = preSolution
		Debug|Any CPU = Debug|Any CPU
		Release|Any CPU = Release|Any CPU
	EndGlobalSection
	GlobalSection(ProjectConfigurationPlatforms) = postSolution
		{AFA05A2C-E38A-471A-A71D-FD9D738D0250}.Debug|Any CPU.ActiveCfg = Debug|Any CPU
		{AFA05A2C-E38A-471A-A71D-FD9D738D0250}.Debug|Any CPU.Build.0 = Debug|Any CPU
		{AFA05A2C-E38A-471A-A71D-FD9D738D0250}.Release|Any CPU.ActiveCfg = Release|Any CPU
		{AFA05A2C-E38A-471A-A71D-FD9D738D0250}.Release|Any CPU.Build.0 = Release|Any CPU
		{3B770A16-000E-4C37-B0E9-E0DC07CA86CB}.Debug|Any CPU.ActiveCfg = Debug|Any CPU
		{3B770A16-000E-4C37-B0E9-E0DC07CA86CB}.Debug|Any CPU.Build.0 = Debug|Any CPU
		{3B770A16-000E-4C37-B0E9-E0DC07CA86CB}.Release|Any CPU.ActiveCfg = Release|Any CPU
		{3B770A16-000E-4C37-B0E9-E0DC07CA86CB}.Release|Any CPU.Build.0 = Release|Any CPU
	EndGlobalSection
	GlobalSection(SolutionProperties) = preSolution
		HideSolutionNode = FALSE
	EndGlobalSection
EndGlobal
